
Microsoft Visual Studio Solution File, Format Version 12.00
# Visual Studio Version 17
VisualStudioVersion = 17.3.32929.385
MinimumVisualStudioVersion = 10.0.40219.1
Project("{FAE04EC0-301F-11D3-BF4B-00C04F79EFBC}") = "Денис-бот", "Денис-бот\Денис-бот.csproj", "{1574D5BE-EC2B-46F6-A8CC-F5A79C25654A}"
EndProject
Global
	GlobalSection(SolutionConfigurationPlatforms) = preSolution
		Debug|Any CPU = Debug|Any CPU
		Release|Any CPU = Release|Any CPU
	EndGlobalSection
	GlobalSection(ProjectConfigurationPlatforms) = postSolution
		{1574D5BE-EC2B-46F6-A8CC-F5A79C25654A}.Debug|Any CPU.ActiveCfg = Debug|Any CPU
		{1574D5BE-EC2B-46F6-A8CC-F5A79C25654A}.Debug|Any CPU.Build.0 = Debug|Any CPU
		{1574D5BE-EC2B-46F6-A8CC-F5A79C25654A}.Release|Any CPU.ActiveCfg = Release|Any CPU
		{1574D5BE-EC2B-46F6-A8CC-F5A79C25654A}.Release|Any CPU.Build.0 = Release|Any CPU
	EndGlobalSection
	GlobalSection(SolutionProperties) = preSolution
		HideSolutionNode = FALSE
	EndGlobalSection
	GlobalSection(ExtensibilityGlobals) = postSolution
		SolutionGuid = {2A6D0387-E27B-4C52-B316-817E6F2530F7}
	EndGlobalSection
EndGlobal
